{
  "lockFileVersion": 26,
  "registryFileHashes": {},
  "selectedYankedVersions": {},
  "moduleExtensions": {
    "//:version_extension.bzl%version_extension": {
      "general": {
        "bzlTransitiveDigest": "nMt2nnchC/8G9QPYe6x5D/xoavMR7kevtN+Lo6If1GY=",
        "usagesDigest": "kPuaIZ2HXrQzvWU1TpfU+EtrlaTiUhb4Qi92pjWJ0AI=",
        "recordedInputs": [],
        "generatedRepoSpecs": {
          "version_info": {
            "repoRuleId": "@@//:version_extension.bzl%version_repo",
            "attributes": {
              "version": "2.87.2"
            }
          }
        }
      }
    },
    "@@pybind11_bazel+//:internal_configure.bzl%internal_configure_extension": {
      "general": {
        "bzlTransitiveDigest": "06cynZ1bCvvy8zHPrrDlXq+Z68xmjctHpfFxi+zEpJY=",
        "usagesDigest": "D1r3lfzMuUBFxgG8V6o0bQTLMk3GkaGOaPzw53wrwyw=",
        "recordedInputs": [
          "REPO_MAPPING:pybind11_bazel+,bazel_tools bazel_tools",
          "FILE:@@pybind11_bazel+//MODULE.bazel e6f4c20442eaa7c90d7190d8dc539d0ab422f95c65a57cc59562170c58ae3d34"
        ],
        "generatedRepoSpecs": {
          "pybind11": {
            "repoRuleId": "@@bazel_tools//tools/build_defs/repo:http.bzl%http_archive",
            "attributes": {
              "build_file": "@@pybind11_bazel+//:pybind11-BUILD.bazel",
              "strip_prefix": "pybind11-2.12.0",
              "urls": [
                "https://github.com/pybind/pybind11/archive/v2.12.0.zip"
              ]
            }
          }
        }
      }
    },
    "@@rules_kotlin+//src/main/starlark/core/repositories:bzlmod_setup.bzl%rules_kotlin_extensions": {
      "general": {
        "bzlTransitiveDigest": "ABI1D/sbS1ovwaW/kHDoj8nnXjQ0oKU9fzmzEG4iT8o=",
        "usagesDigest": "QI2z8ZUR+mqtbwsf2fLqYdJAkPOHdOV+tF2yVAUgRzw=",
        "recordedInputs": [
          "REPO_MAPPING:rules_kotlin+,bazel_tools bazel_tools"
        ],
        "generatedRepoSpecs": {
          "com_github_jetbrains_kotlin_git": {
            "repoRuleId": "@@rules_kotlin+//src/main/starlark/core/repositories:compiler.bzl%kotlin_compiler_git_repository",
            "attributes": {
              "urls": [
                "https://github.com/JetBrains/kotlin/releases/download/v1.9.23/kotlin-compiler-1.9.23.zip"
              ],
              "sha256": "93137d3aab9afa9b27cb06a824c2324195c6b6f6179d8a8653f440f5bd58be88"
            }
          },
          "com_github_jetbrains_kotlin": {
            "repoRuleId": "@@rules_kotlin+//src/main/starlark/core/repositories:compiler.bzl%kotlin_capabilities_repository",
            "attributes": {
              "git_repository_name": "com_github_jetbrains_kotlin_git",
              "compiler_version": "1.9.23"
            }
          },
          "com_github_google_ksp": {
            "repoRuleId": "@@rules_kotlin+//src/main/starlark/core/repositories:ksp.bzl%ksp_compiler_plugin_repository",
            "attributes": {
              "urls": [
                "https://github.com/google/ksp/releases/download/1.9.23-1.0.20/artifacts.zip"
              ],
              "sha256": "ee0618755913ef7fd6511288a232e8fad24838b9af6ea73972a76e81053c8c2d",
              "strip_version": "1.9.23-1.0.20"
            }
          },
          "com_github_pinterest_ktlint": {
            "repoRuleId": "@@bazel_tools//tools/build_defs/repo:http.bzl%http_file",
            "attributes": {
              "sha256": "01b2e0ef893383a50dbeb13970fe7fa3be36ca3e83259e01649945b09d736985",
              "urls": [
                "https://github.com/pinterest/ktlint/releases/download/1.3.0/ktlint"
              ],
              "executable": true
            }
          },
          "rules_android": {
            "repoRuleId": "@@bazel_tools//tools/build_defs/repo:http.bzl%http_archive",
            "attributes": {
              "sha256": "cd06d15dd8bb59926e4d65f9003bfc20f9da4b2519985c27e190cddc8b7a7806",
              "strip_prefix": "rules_android-0.1.1",
              "urls": [
                "https://github.com/bazelbuild/rules_android/archive/v0.1.1.zip"
              ]
            }
          }
        }
      }
    },
    "@@rules_python+//python/uv:uv.bzl%uv": {
      "general": {
        "bzlTransitiveDigest": "yG9F6L2IZXKRbD/aIUa6sU7uITLUTBKOMWPbIvl1VdM=",
        "usagesDigest": "9WnGyKSDNVbhnUSrFUAZHXGx0ihAMvXQFBHqan1lCfg=",
        "recordedInputs": [
          "REPO_MAPPING:rules_python+,bazel_tools bazel_tools",
          "REPO_MAPPING:rules_python+,platforms platforms"
        ],
        "generatedRepoSpecs": {
          "uv": {
            "repoRuleId": "@@rules_python+//python/uv/private:uv_toolchains_repo.bzl%uv_toolchains_repo",
            "attributes": {
              "toolchain_type": "'@@rules_python+//python/uv:uv_toolchain_type'",
              "toolchain_names": [
                "none"
              ],
              "toolchain_implementations": {
                "none": "'@@rules_python+//python:none'"
              },
              "toolchain_compatible_with": {
                "none": [
                  "@platforms//:incompatible"
                ]
              },
              "toolchain_target_settings": {}
            }
          }
        }
      }
    }
  },
  "facts": {}
}
